
Microsoft Visual Studio Solution File, Format Version 12.00
# Visual Studio Version 17
VisualStudioVersion = 17.0.31903.59
MinimumVisualStudioVersion = 10.0.40219.1
Project("{FAE04EC0-301F-11D3-BF4B-00C04F79EFBC}") = "Markowitz.Core", "src\\Markowitz.Core\\Markowitz.Core.csproj", "{E56E7DAD-A648-4694-A13F-E4E860592B5C}"
EndProject
Project("{FAE04EC0-301F-11D3-BF4B-00C04F79EFBC}") = "Markowitz.Tests", "tests\\Markowitz.Tests\\Markowitz.Tests.csproj", "{65E60732-9EDF-4F17-BE1C-BA11CB49171D}"
EndProject
Project("{FAE04EC0-301F-11D3-BF4B-00C04F79EFBC}") = "Markowitz.Web", "src\\Markowitz.Web\\Markowitz.Web.csproj", "{9581AD8D-7B9E-4879-BD5A-D35B77BAA107}"
EndProject
Global
	GlobalSection(SolutionConfigurationPlatforms) = preSolution
		Debug|Any CPU = Debug|Any CPU
		Debug|x64 = Debug|x64
		Debug|x86 = Debug|x86
		Release|Any CPU = Release|Any CPU
		Release|x64 = Release|x64
		Release|x86 = Release|x86
	EndGlobalSection
	GlobalSection(ProjectConfigurationPlatforms) = postSolution
		{E56E7DAD-A648-4694-A13F-E4E860592B5C}.Debug|Any CPU.ActiveCfg = Debug|Any CPU
		{E56E7DAD-A648-4694-A13F-E4E860592B5C}.Debug|Any CPU.Build.0 = Debug|Any CPU
		{E56E7DAD-A648-4694-A13F-E4E860592B5C}.Debug|x64.ActiveCfg = Debug|Any CPU
		{E56E7DAD-A648-4694-A13F-E4E860592B5C}.Debug|x64.Build.0 = Debug|Any CPU
		{E56E7DAD-A648-4694-A13F-E4E860592B5C}.Debug|x86.ActiveCfg = Debug|Any CPU
		{E56E7DAD-A648-4694-A13F-E4E860592B5C}.Debug|x86.Build.0 = Debug|Any CPU
		{E56E7DAD-A648-4694-A13F-E4E860592B5C}.Release|Any CPU.ActiveCfg = Release|Any CPU
		{E56E7DAD-A648-4694-A13F-E4E860592B5C}.Release|Any CPU.Build.0 = Release|Any CPU
		{E56E7DAD-A648-4694-A13F-E4E860592B5C}.Release|x64.ActiveCfg = Release|Any CPU
		{E56E7DAD-A648-4694-A13F-E4E860592B5C}.Release|x64.Build.0 = Release|Any CPU
		{E56E7DAD-A648-4694-A13F-E4E860592B5C}.Release|x86.ActiveCfg = Release|Any CPU
		{E56E7DAD-A648-4694-A13F-E4E860592B5C}.Release|x86.Build.0 = Release|Any CPU
		{65E60732-9EDF-4F17-BE1C-BA11CB49171D}.Debug|Any CPU.ActiveCfg = Debug|Any CPU
		{65E60732-9EDF-4F17-BE1C-BA11CB49171D}.Debug|Any CPU.Build.0 = Debug|Any CPU
		{65E60732-9EDF-4F17-BE1C-BA11CB49171D}.Debug|x64.ActiveCfg = Debug|Any CPU
		{65E60732-9EDF-4F17-BE1C-BA11CB49171D}.Debug|x64.Build.0 = Debug|Any CPU
		{65E60732-9EDF-4F17-BE1C-BA11CB49171D}.Debug|x86.ActiveCfg = Debug|Any CPU
		{65E60732-9EDF-4F17-BE1C-BA11CB49171D}.Debug|x86.Build.0 = Debug|Any CPU
		{65E60732-9EDF-4F17-BE1C-BA11CB49171D}.Release|Any CPU.ActiveCfg = Release|Any CPU
		{65E60732-9EDF-4F17-BE1C-BA11CB49171D}.Release|Any CPU.Build.0 = Release|Any CPU
		{65E60732-9EDF-4F17-BE1C-BA11CB49171D}.Release|x64.ActiveCfg = Release|Any CPU
		{65E60732-9EDF-4F17-BE1C-BA11CB49171D}.Release|x64.Build.0 = Release|Any CPU
		{65E60732-9EDF-4F17-BE1C-BA11CB49171D}.Release|x86.ActiveCfg = Release|Any CPU
		{65E60732-9EDF-4F17-BE1C-BA11CB49171D}.Release|x86.Build.0 = Release|Any CPU
		{9581AD8D-7B9E-4879-BD5A-D35B77BAA107}.Debug|Any CPU.ActiveCfg = Debug|Any CPU
		{9581AD8D-7B9E-4879-BD5A-D35B77BAA107}.Debug|Any CPU.Build.0 = Debug|Any CPU
		{9581AD8D-7B9E-4879-BD5A-D35B77BAA107}.Debug|x64.ActiveCfg = Debug|Any CPU
		{9581AD8D-7B9E-4879-BD5A-D35B77BAA107}.Debug|x64.Build.0 = Debug|Any CPU
		{9581AD8D-7B9E-4879-BD5A-D35B77BAA107}.Debug|x86.ActiveCfg = Debug|Any CPU
		{9581AD8D-7B9E-4879-BD5A-D35B77BAA107}.Debug|x86.Build.0 = Debug|Any CPU
		{9581AD8D-7B9E-4879-BD5A-D35B77BAA107}.Release|Any CPU.ActiveCfg = Release|Any CPU
		{9581AD8D-7B9E-4879-BD5A-D35B77BAA107}.Release|Any CPU.Build.0 = Release|Any CPU
		{9581AD8D-7B9E-4879-BD5A-D35B77BAA107}.Release|x64.ActiveCfg = Release|Any CPU
		{9581AD8D-7B9E-4879-BD5A-D35B77BAA107}.Release|x64.Build.0 = Release|Any CPU
		{9581AD8D-7B9E-4879-BD5A-D35B77BAA107}.Release|x86.ActiveCfg = Release|Any CPU
		{9581AD8D-7B9E-4879-BD5A-D35B77BAA107}.Release|x86.Build.0 = Release|Any CPU
	EndGlobalSection
	GlobalSection(SolutionProperties) = preSolution
		HideSolutionNode = FALSE
	EndGlobalSection
EndGlobal
